
Microsoft Visual Studio Solution File, Format Version 12.00
# Visual Studio Version 16
VisualStudioVersion = 16.0.30523.141
MinimumVisualStudioVersion = 10.0.40219.1
Project("{FAE04EC0-301F-11D3-BF4B-00C04F79EFBC}") = "WebApplication5", "WebApplication5\WebApplication5.csproj", "{87AE266B-62B8-4539-846C-3AEAF9159490}"
EndProject
Global
	GlobalSection(SolutionConfigurationPlatforms) = preSolution
		Debug|Any CPU = Debug|Any CPU
		Release|Any CPU = Release|Any CPU
	EndGlobalSection
	GlobalSection(ProjectConfigurationPlatforms) = postSolution
		{87AE266B-62B8-4539-846C-3AEAF9159490}.Debug|Any CPU.ActiveCfg = Debug|Any CPU
		{87AE266B-62B8-4539-846C-3AEAF9159490}.Debug|Any CPU.Build.0 = Debug|Any CPU
		{87AE266B-62B8-4539-846C-3AEAF9159490}.Release|Any CPU.ActiveCfg = Release|Any CPU
		{87AE266B-62B8-4539-846C-3AEAF9159490}.Release|Any CPU.Build.0 = Release|Any CPU
	EndGlobalSection
	GlobalSection(SolutionProperties) = preSolution
		HideSolutionNode = FALSE
	EndGlobalSection
	GlobalSection(ExtensibilityGlobals) = postSolution
		SolutionGuid = {14C204BD-3C7E-4E20-B9CA-B2ECBD30BCCA}
	EndGlobalSection
EndGlobal
